
Microsoft Visual Studio Solution File, Format Version 12.00
# Visual Studio Version 16
VisualStudioVersion = 16.0.29418.71
MinimumVisualStudioVersion = 10.0.40219.1
Project("{FAE04EC0-301F-11D3-BF4B-00C04F79EFBC}") = "Lab6", "Lab6\Lab6.csproj", "{C6616B5C-5D3E-4BB7-AF10-0B161F80DEEB}"
EndProject
Global
	GlobalSection(SolutionConfigurationPlatforms) = preSolution
		Debug|Any CPU = Debug|Any CPU
		Release|Any CPU = Release|Any CPU
	EndGlobalSection
	GlobalSection(ProjectConfigurationPlatforms) = postSolution
		{C6616B5C-5D3E-4BB7-AF10-0B161F80DEEB}.Debug|Any CPU.ActiveCfg = Debug|Any CPU
		{C6616B5C-5D3E-4BB7-AF10-0B161F80DEEB}.Debug|Any CPU.Build.0 = Debug|Any CPU
		{C6616B5C-5D3E-4BB7-AF10-0B161F80DEEB}.Release|Any CPU.ActiveCfg = Release|Any CPU
		{C6616B5C-5D3E-4BB7-AF10-0B161F80DEEB}.Release|Any CPU.Build.0 = Release|Any CPU
	EndGlobalSection
	GlobalSection(SolutionProperties) = preSolution
		HideSolutionNode = FALSE
	EndGlobalSection
	GlobalSection(ExtensibilityGlobals) = postSolution
		SolutionGuid = {8018A186-C738-43FD-BAF9-7A5361DA1110}
	EndGlobalSection
EndGlobal
