
Microsoft Visual Studio Solution File, Format Version 12.00
# Visual Studio Version 16
VisualStudioVersion = 16.0.29418.71
MinimumVisualStudioVersion = 10.0.40219.1
Project("{FAE04EC0-301F-11D3-BF4B-00C04F79EFBC}") = "Lab 05", "Lab 05\Lab 05.csproj", "{3B7F2506-2EF6-402F-940B-19DAABBA4F14}"
EndProject
Global
	GlobalSection(SolutionConfigurationPlatforms) = preSolution
		Debug|Any CPU = Debug|Any CPU
		Release|Any CPU = Release|Any CPU
	EndGlobalSection
	GlobalSection(ProjectConfigurationPlatforms) = postSolution
		{3B7F2506-2EF6-402F-940B-19DAABBA4F14}.Debug|Any CPU.ActiveCfg = Debug|Any CPU
		{3B7F2506-2EF6-402F-940B-19DAABBA4F14}.Debug|Any CPU.Build.0 = Debug|Any CPU
		{3B7F2506-2EF6-402F-940B-19DAABBA4F14}.Release|Any CPU.ActiveCfg = Release|Any CPU
		{3B7F2506-2EF6-402F-940B-19DAABBA4F14}.Release|Any CPU.Build.0 = Release|Any CPU
	EndGlobalSection
	GlobalSection(SolutionProperties) = preSolution
		HideSolutionNode = FALSE
	EndGlobalSection
	GlobalSection(ExtensibilityGlobals) = postSolution
		SolutionGuid = {38A71F4B-1B63-4A64-8B7F-FB039951B21D}
	EndGlobalSection
EndGlobal
